# This file is automatically @generated by Cargo.
# It is not intended for manual editing.
version = 3

[[package]]
name = "fstr"
version = "0.2.11"
source = "registry+https://github.com/rust-lang/crates.io-index"
checksum = "6560d66181af047310870cbc90cebdd597bb66f7c73e0d5a9e56afae5b6c56c7"

[[package]]
name = "scru64"
version = "2.0.1"
source = "registry+https://github.com/rust-lang/crates.io-index"
checksum = "6e1637b875795bee0f85b3eabc02bf4b07ed80530ec22353d8cdfbe3dbdb0cbc"
dependencies = [
 "fstr",
]

[[package]]
name = "scru64-node-id-server"
version = "0.1.0"
dependencies = [
 "scru64",
]
